
Microsoft Visual Studio Solution File, Format Version 12.00
# Visual Studio Version 17
VisualStudioVersion = 17.2.32802.462
MinimumVisualStudioVersion = 10.0.40219.1
Project("{FAE04EC0-301F-11D3-BF4B-00C04F79EFBC}") = "Zh2_NTPSHY", "Zh2_NTPSHY\Zh2_NTPSHY.csproj", "{1558ECCB-5131-4807-9362-408C6188F5CD}"
EndProject
Global
	GlobalSection(SolutionConfigurationPlatforms) = preSolution
		Debug|Any CPU = Debug|Any CPU
		Release|Any CPU = Release|Any CPU
	EndGlobalSection
	GlobalSection(ProjectConfigurationPlatforms) = postSolution
		{1558ECCB-5131-4807-9362-408C6188F5CD}.Debug|Any CPU.ActiveCfg = Debug|Any CPU
		{1558ECCB-5131-4807-9362-408C6188F5CD}.Debug|Any CPU.Build.0 = Debug|Any CPU
		{1558ECCB-5131-4807-9362-408C6188F5CD}.Release|Any CPU.ActiveCfg = Release|Any CPU
		{1558ECCB-5131-4807-9362-408C6188F5CD}.Release|Any CPU.Build.0 = Release|Any CPU
	EndGlobalSection
	GlobalSection(SolutionProperties) = preSolution
		HideSolutionNode = FALSE
	EndGlobalSection
	GlobalSection(ExtensibilityGlobals) = postSolution
		SolutionGuid = {47873112-2092-4224-A1CF-0C32F6A2C79E}
	EndGlobalSection
EndGlobal
